
Microsoft Visual Studio Solution File, Format Version 12.00
# Visual Studio Version 17
VisualStudioVersion = 17.6.33829.357
MinimumVisualStudioVersion = 10.0.40219.1
Project("{FAE04EC0-301F-11D3-BF4B-00C04F79EFBC}") = "wepapi5", "wepapi5\wepapi5.csproj", "{A5B358B2-B862-4510-BE39-8E818B43747C}"
EndProject
Global
	GlobalSection(SolutionConfigurationPlatforms) = preSolution
		Debug|Any CPU = Debug|Any CPU
		Release|Any CPU = Release|Any CPU
	EndGlobalSection
	GlobalSection(ProjectConfigurationPlatforms) = postSolution
		{A5B358B2-B862-4510-BE39-8E818B43747C}.Debug|Any CPU.ActiveCfg = Debug|Any CPU
		{A5B358B2-B862-4510-BE39-8E818B43747C}.Debug|Any CPU.Build.0 = Debug|Any CPU
		{A5B358B2-B862-4510-BE39-8E818B43747C}.Release|Any CPU.ActiveCfg = Release|Any CPU
		{A5B358B2-B862-4510-BE39-8E818B43747C}.Release|Any CPU.Build.0 = Release|Any CPU
	EndGlobalSection
	GlobalSection(SolutionProperties) = preSolution
		HideSolutionNode = FALSE
	EndGlobalSection
	GlobalSection(ExtensibilityGlobals) = postSolution
		SolutionGuid = {F602E64F-CCC5-40A8-B3F6-8C115868773E}
	EndGlobalSection
EndGlobal
